
Microsoft Visual Studio Solution File, Format Version 12.00
# Visual Studio Version 16
VisualStudioVersion = 16.0.29509.3
MinimumVisualStudioVersion = 10.0.40219.1
Project("{9A19103F-16F7-4668-BE54-9A1E7A4F7556}") = "TestBug", "src\TestBug\TestBug.csproj", "{07F2D69D-D08D-4571-A916-275DBAC353B6}"
EndProject
Global
	GlobalSection(SolutionConfigurationPlatforms) = preSolution
		Debug|Any CPU = Debug|Any CPU
		Release|Any CPU = Release|Any CPU
	EndGlobalSection
	GlobalSection(ProjectConfigurationPlatforms) = postSolution
		{07F2D69D-D08D-4571-A916-275DBAC353B6}.Debug|Any CPU.ActiveCfg = Debug|Any CPU
		{07F2D69D-D08D-4571-A916-275DBAC353B6}.Debug|Any CPU.Build.0 = Debug|Any CPU
		{07F2D69D-D08D-4571-A916-275DBAC353B6}.Release|Any CPU.ActiveCfg = Release|Any CPU
		{07F2D69D-D08D-4571-A916-275DBAC353B6}.Release|Any CPU.Build.0 = Release|Any CPU
	EndGlobalSection
	GlobalSection(SolutionProperties) = preSolution
		HideSolutionNode = FALSE
	EndGlobalSection
	GlobalSection(ExtensibilityGlobals) = postSolution
		SolutionGuid = {4BAF0D45-7959-43C3-865E-A94A1E7CB45B}
	EndGlobalSection
EndGlobal
